
Microsoft Visual Studio Solution File, Format Version 12.00
# Visual Studio Version 17
VisualStudioVersion = 17.6.33723.286
MinimumVisualStudioVersion = 10.0.40219.1
Project("{FAE04EC0-301F-11D3-BF4B-00C04F79EFBC}") = "Lesson 56", "Lesson 56\Lesson 56.csproj", "{7576A28F-344D-45CD-88A1-ED754CD22782}"
EndProject
Global
	GlobalSection(SolutionConfigurationPlatforms) = preSolution
		Debug|Any CPU = Debug|Any CPU
		Release|Any CPU = Release|Any CPU
	EndGlobalSection
	GlobalSection(ProjectConfigurationPlatforms) = postSolution
		{7576A28F-344D-45CD-88A1-ED754CD22782}.Debug|Any CPU.ActiveCfg = Debug|Any CPU
		{7576A28F-344D-45CD-88A1-ED754CD22782}.Debug|Any CPU.Build.0 = Debug|Any CPU
		{7576A28F-344D-45CD-88A1-ED754CD22782}.Release|Any CPU.ActiveCfg = Release|Any CPU
		{7576A28F-344D-45CD-88A1-ED754CD22782}.Release|Any CPU.Build.0 = Release|Any CPU
	EndGlobalSection
	GlobalSection(SolutionProperties) = preSolution
		HideSolutionNode = FALSE
	EndGlobalSection
	GlobalSection(ExtensibilityGlobals) = postSolution
		SolutionGuid = {F77E5F8C-26E5-4C59-842E-7A9145285D3D}
	EndGlobalSection
EndGlobal
